{
  "nodes": {
    "easy-purescript-nix": {
      "flake": false,
      "locked": {
        "lastModified": 1710161569,
        "narHash": "sha256-lcIRIOFCdIWEGyKyG/tB4KvxM9zoWuBRDxW+T+mvIb0=",
        "owner": "justinwoo",
        "repo": "easy-purescript-nix",
        "rev": "117fd96acb69d7d1727df95b6fde9d8715e031fc",
        "type": "github"
      },
      "original": {
        "owner": "justinwoo",
        "repo": "easy-purescript-nix",
        "type": "github"
      }
    },
    "nixpkgs": {
      "locked": {
        "lastModified": 1753749649,
        "narHash": "sha256-+jkEZxs7bfOKfBIk430K+tK9IvXlwzqQQnppC2ZKFj4=",
        "rev": "1f08a4df998e21f4e8be8fb6fbf61d11a1a5076a",
        "revCount": 807209,
        "type": "tarball",
        "url": "https://api.flakehub.com/f/pinned/NixOS/nixpkgs/0.2505.807209%2Brev-1f08a4df998e21f4e8be8fb6fbf61d11a1a5076a/019859dd-d3bc-7ef1-af24-63331bb92774/source.tar.gz"
      },
      "original": {
        "type": "tarball",
        "url": "https://flakehub.com/f/NixOS/nixpkgs/%2A.tar.gz"
      }
    },
    "root": {
      "inputs": {
        "easy-purescript-nix": "easy-purescript-nix",
        "nixpkgs": "nixpkgs"
      }
    }
  },
  "root": "root",
  "version": 7
}
